{
  "name": "@dsh-pages/reader",
  "version": "0.1.0",
  "lockfileVersion": 3,
  "requires": true,
  "packages": {
    "": {
      "name": "@dsh-pages/reader",
      "version": "0.1.0",
      "dependencies": {
        "fast-xml-parser": "^4.5.0",
        "zod": "^3.23.8"
      }
    },
    "node_modules/fast-xml-parser": {
      "version": "4.5.7",
      "resolved": "https://registry.npmmirror.com/fast-xml-parser/-/fast-xml-parser-4.5.7.tgz",
      "integrity": "sha512-a6Qh1RMCNbSrU1+sAyAAZH3rTe+OaWJbNZIq0S+ifZciUUOQtlVxBJwoTUE2bYhysmG/RYyI5WJFIKdBahJdrQ==",
      "funding": [
        {
          "type": "github",
          "url": "https://github.com/sponsors/NaturalIntelligence"
        }
      ],
      "license": "MIT",
      "dependencies": {
        "strnum": "^1.0.5"
      },
      "bin": {
        "fxparser": "src/cli/cli.js"
      }
    },
    "node_modules/strnum": {
      "version": "1.1.2",
      "resolved": "https://registry.npmmirror.com/strnum/-/strnum-1.1.2.tgz",
      "integrity": "sha512-vrN+B7DBIoTTZjnPNewwhx6cBA/H+IS7rfW68n7XxC1y7uoiGQBxaKzqucGUgavX15dJgiGztLJ8vxuEzwqBdA==",
      "funding": [
        {
          "type": "github",
          "url": "https://github.com/sponsors/NaturalIntelligence"
        }
      ],
      "license": "MIT"
    },
    "node_modules/zod": {
      "version": "3.25.76",
      "resolved": "https://registry.npmmirror.com/zod/-/zod-3.25.76.tgz",
      "integrity": "sha512-gzUt/qt81nXsFGKIFcC3YnfEAx5NkunCfnDlvuBSSFS02bcXu4Lmea0AFIUwbLWxWPx3d9p8S5QoaujKcNQxcQ==",
      "license": "MIT",
      "funding": {
        "url": "https://github.com/sponsors/colinhacks"
      }
    }
  }
}
